
Microsoft Visual Studio Solution File, Format Version 12.00
# Visual Studio Version 16
VisualStudioVersion = 16.0.30114.105
MinimumVisualStudioVersion = 10.0.40219.1
Project("{2150E333-8FDC-42A3-9474-1A3956D46DE8}") = "Auth", "Auth", "{6634A1D2-A0A6-490D-A06D-C703A81E02C8}"
EndProject
Project("{FAE04EC0-301F-11D3-BF4B-00C04F79EFBC}") = "PIBcl.Auth", "Auth\PIBcl.Auth\PIBcl.Auth.csproj", "{2428FF35-1525-477A-998F-522FC46B9761}"
EndProject
Project("{2150E333-8FDC-42A3-9474-1A3956D46DE8}") = "Core", "Core", "{91654B87-E991-4FE3-9D15-96F770E094A6}"
EndProject
Project("{FAE04EC0-301F-11D3-BF4B-00C04F79EFBC}") = "PIBcl.Core", "Core\PIBcl.Core\PIBcl.Core.csproj", "{418BD13D-E834-48FE-827F-1B3F8E76BD2F}"
EndProject
Project("{2150E333-8FDC-42A3-9474-1A3956D46DE8}") = "Cqrs", "Cqrs", "{158DF738-B195-4FC6-8D7E-F824DEE2617C}"
EndProject
Project("{FAE04EC0-301F-11D3-BF4B-00C04F79EFBC}") = "PIBcl.Cqrs", "Cqrs\PIBcl.Cqrs\PIBcl.Cqrs.csproj", "{3A89F7F4-5217-4232-8630-071DAAF41B4A}"
EndProject
Project("{2150E333-8FDC-42A3-9474-1A3956D46DE8}") = "EventBus", "EventBus", "{5717C3B9-0600-477E-A018-21FF2122E6C6}"
EndProject
Project("{FAE04EC0-301F-11D3-BF4B-00C04F79EFBC}") = "PIBcl.EventBus", "EventBus\PIBcl.EventBus\PIBcl.EventBus.csproj", "{776B9778-77FE-4699-BC24-A1E22A3D4BC7}"
EndProject
Project("{FAE04EC0-301F-11D3-BF4B-00C04F79EFBC}") = "PIBcl.EventBus.AzureServiceBus", "EventBus\PIBcl.EventBus.AzureServiceBus\PIBcl.EventBus.AzureServiceBus.csproj", "{4CF6422D-692D-4D2B-85B5-6303CFBBA272}"
EndProject
Project("{FAE04EC0-301F-11D3-BF4B-00C04F79EFBC}") = "PIBcl.EventBus.IntegrationEventLog", "EventBus\PIBcl.EventBus.IntegrationEventLog\PIBcl.EventBus.IntegrationEventLog.csproj", "{AD3D8BE3-DF0C-4885-BCB5-91461D7D93B9}"
EndProject
Project("{FAE04EC0-301F-11D3-BF4B-00C04F79EFBC}") = "PIBcl.EventBus.IntegrationEventServices", "EventBus\PIBcl.EventBus.IntegrationEventServices\PIBcl.EventBus.IntegrationEventServices.csproj", "{EE241F02-7591-4195-AA72-E1488E92EE23}"
EndProject
Project("{FAE04EC0-301F-11D3-BF4B-00C04F79EFBC}") = "PIBcl.EventBus.RabbitMQEventBus", "EventBus\PIBcl.EventBus.RabbitMQEventBus\PIBcl.EventBus.RabbitMQEventBus.csproj", "{F8791307-B1FB-4412-9B8F-5CFCFE834667}"
EndProject
Project("{2150E333-8FDC-42A3-9474-1A3956D46DE8}") = "IdemPotency", "IdemPotency", "{CE47B83F-E059-459D-AB32-D83EB77B70AD}"
EndProject
Project("{FAE04EC0-301F-11D3-BF4B-00C04F79EFBC}") = "PIBcl.IdemPotency", "IdemPotency\PIBcl.IdemPotency\PIBcl.IdemPotency.csproj", "{D6E58F3A-C4D1-4E8E-8201-C90F0EE315E5}"
EndProject
Project("{2150E333-8FDC-42A3-9474-1A3956D46DE8}") = "Resilience", "Resilience", "{06F0C264-615E-4A75-BF37-18778BEC0E4C}"
EndProject
Project("{FAE04EC0-301F-11D3-BF4B-00C04F79EFBC}") = "PIBcl.Resilience", "Resilience\PIBcl.Resilience\PIBcl.Resilience.csproj", "{F3C30124-A2E6-4BB3-9875-4EDCA1D730D0}"
EndProject
Project("{2150E333-8FDC-42A3-9474-1A3956D46DE8}") = "Web", "Web", "{89174B02-8AC1-4257-AB85-27A4D5AB5B08}"
EndProject
Project("{FAE04EC0-301F-11D3-BF4B-00C04F79EFBC}") = "PIBcl.Web", "Web\PIBcl.Web\PIBcl.Web.csproj", "{817C7B33-CC76-4D87-AC0B-C4CAD614C5C1}"
EndProject
Project("{2150E333-8FDC-42A3-9474-1A3956D46DE8}") = "DI", "DI", "{88C13860-BB47-49CD-822F-CDF7E9DF4909}"
EndProject
Project("{FAE04EC0-301F-11D3-BF4B-00C04F79EFBC}") = "PIBcl.DI", "DI\PIBcl.DI\PIBcl.DI.csproj", "{6371AD8F-B407-4935-BE32-0ED8CEFB70F6}"
EndProject
Project("{2150E333-8FDC-42A3-9474-1A3956D46DE8}") = "Swagger", "Swagger", "{D049F9BE-8B82-4C4A-BB85-117BA9B7F5C5}"
EndProject
Project("{FAE04EC0-301F-11D3-BF4B-00C04F79EFBC}") = "PIBcl.Swagger", "Swagger\PIBcl.Swagger\PIBcl.Swagger.csproj", "{62E6B445-9B4E-49E4-958E-9058D2AAFE05}"
EndProject
Global
	GlobalSection(SolutionConfigurationPlatforms) = preSolution
		Debug|Any CPU = Debug|Any CPU
		Release|Any CPU = Release|Any CPU
	EndGlobalSection
	GlobalSection(SolutionProperties) = preSolution
		HideSolutionNode = FALSE
	EndGlobalSection
	GlobalSection(ProjectConfigurationPlatforms) = postSolution
		{2428FF35-1525-477A-998F-522FC46B9761}.Debug|Any CPU.ActiveCfg = Debug|Any CPU
		{2428FF35-1525-477A-998F-522FC46B9761}.Debug|Any CPU.Build.0 = Debug|Any CPU
		{2428FF35-1525-477A-998F-522FC46B9761}.Release|Any CPU.ActiveCfg = Release|Any CPU
		{2428FF35-1525-477A-998F-522FC46B9761}.Release|Any CPU.Build.0 = Release|Any CPU
		{418BD13D-E834-48FE-827F-1B3F8E76BD2F}.Debug|Any CPU.ActiveCfg = Debug|Any CPU
		{418BD13D-E834-48FE-827F-1B3F8E76BD2F}.Debug|Any CPU.Build.0 = Debug|Any CPU
		{418BD13D-E834-48FE-827F-1B3F8E76BD2F}.Release|Any CPU.ActiveCfg = Release|Any CPU
		{418BD13D-E834-48FE-827F-1B3F8E76BD2F}.Release|Any CPU.Build.0 = Release|Any CPU
		{3A89F7F4-5217-4232-8630-071DAAF41B4A}.Debug|Any CPU.ActiveCfg = Debug|Any CPU
		{3A89F7F4-5217-4232-8630-071DAAF41B4A}.Debug|Any CPU.Build.0 = Debug|Any CPU
		{3A89F7F4-5217-4232-8630-071DAAF41B4A}.Release|Any CPU.ActiveCfg = Release|Any CPU
		{3A89F7F4-5217-4232-8630-071DAAF41B4A}.Release|Any CPU.Build.0 = Release|Any CPU
		{776B9778-77FE-4699-BC24-A1E22A3D4BC7}.Debug|Any CPU.ActiveCfg = Debug|Any CPU
		{776B9778-77FE-4699-BC24-A1E22A3D4BC7}.Debug|Any CPU.Build.0 = Debug|Any CPU
		{776B9778-77FE-4699-BC24-A1E22A3D4BC7}.Release|Any CPU.ActiveCfg = Release|Any CPU
		{776B9778-77FE-4699-BC24-A1E22A3D4BC7}.Release|Any CPU.Build.0 = Release|Any CPU
		{4CF6422D-692D-4D2B-85B5-6303CFBBA272}.Debug|Any CPU.ActiveCfg = Debug|Any CPU
		{4CF6422D-692D-4D2B-85B5-6303CFBBA272}.Debug|Any CPU.Build.0 = Debug|Any CPU
		{4CF6422D-692D-4D2B-85B5-6303CFBBA272}.Release|Any CPU.ActiveCfg = Release|Any CPU
		{4CF6422D-692D-4D2B-85B5-6303CFBBA272}.Release|Any CPU.Build.0 = Release|Any CPU
		{AD3D8BE3-DF0C-4885-BCB5-91461D7D93B9}.Debug|Any CPU.ActiveCfg = Debug|Any CPU
		{AD3D8BE3-DF0C-4885-BCB5-91461D7D93B9}.Debug|Any CPU.Build.0 = Debug|Any CPU
		{AD3D8BE3-DF0C-4885-BCB5-91461D7D93B9}.Release|Any CPU.ActiveCfg = Release|Any CPU
		{AD3D8BE3-DF0C-4885-BCB5-91461D7D93B9}.Release|Any CPU.Build.0 = Release|Any CPU
		{EE241F02-7591-4195-AA72-E1488E92EE23}.Debug|Any CPU.ActiveCfg = Debug|Any CPU
		{EE241F02-7591-4195-AA72-E1488E92EE23}.Debug|Any CPU.Build.0 = Debug|Any CPU
		{EE241F02-7591-4195-AA72-E1488E92EE23}.Release|Any CPU.ActiveCfg = Release|Any CPU
		{EE241F02-7591-4195-AA72-E1488E92EE23}.Release|Any CPU.Build.0 = Release|Any CPU
		{F8791307-B1FB-4412-9B8F-5CFCFE834667}.Debug|Any CPU.ActiveCfg = Debug|Any CPU
		{F8791307-B1FB-4412-9B8F-5CFCFE834667}.Debug|Any CPU.Build.0 = Debug|Any CPU
		{F8791307-B1FB-4412-9B8F-5CFCFE834667}.Release|Any CPU.ActiveCfg = Release|Any CPU
		{F8791307-B1FB-4412-9B8F-5CFCFE834667}.Release|Any CPU.Build.0 = Release|Any CPU
		{D6E58F3A-C4D1-4E8E-8201-C90F0EE315E5}.Debug|Any CPU.ActiveCfg = Debug|Any CPU
		{D6E58F3A-C4D1-4E8E-8201-C90F0EE315E5}.Debug|Any CPU.Build.0 = Debug|Any CPU
		{D6E58F3A-C4D1-4E8E-8201-C90F0EE315E5}.Release|Any CPU.ActiveCfg = Release|Any CPU
		{D6E58F3A-C4D1-4E8E-8201-C90F0EE315E5}.Release|Any CPU.Build.0 = Release|Any CPU
		{F3C30124-A2E6-4BB3-9875-4EDCA1D730D0}.Debug|Any CPU.ActiveCfg = Debug|Any CPU
		{F3C30124-A2E6-4BB3-9875-4EDCA1D730D0}.Debug|Any CPU.Build.0 = Debug|Any CPU
		{F3C30124-A2E6-4BB3-9875-4EDCA1D730D0}.Release|Any CPU.ActiveCfg = Release|Any CPU
		{F3C30124-A2E6-4BB3-9875-4EDCA1D730D0}.Release|Any CPU.Build.0 = Release|Any CPU
		{817C7B33-CC76-4D87-AC0B-C4CAD614C5C1}.Debug|Any CPU.ActiveCfg = Debug|Any CPU
		{817C7B33-CC76-4D87-AC0B-C4CAD614C5C1}.Debug|Any CPU.Build.0 = Debug|Any CPU
		{817C7B33-CC76-4D87-AC0B-C4CAD614C5C1}.Release|Any CPU.ActiveCfg = Release|Any CPU
		{817C7B33-CC76-4D87-AC0B-C4CAD614C5C1}.Release|Any CPU.Build.0 = Release|Any CPU
		{6371AD8F-B407-4935-BE32-0ED8CEFB70F6}.Debug|Any CPU.ActiveCfg = Debug|Any CPU
		{6371AD8F-B407-4935-BE32-0ED8CEFB70F6}.Debug|Any CPU.Build.0 = Debug|Any CPU
		{6371AD8F-B407-4935-BE32-0ED8CEFB70F6}.Release|Any CPU.ActiveCfg = Release|Any CPU
		{6371AD8F-B407-4935-BE32-0ED8CEFB70F6}.Release|Any CPU.Build.0 = Release|Any CPU
		{62E6B445-9B4E-49E4-958E-9058D2AAFE05}.Debug|Any CPU.ActiveCfg = Debug|Any CPU
		{62E6B445-9B4E-49E4-958E-9058D2AAFE05}.Debug|Any CPU.Build.0 = Debug|Any CPU
		{62E6B445-9B4E-49E4-958E-9058D2AAFE05}.Release|Any CPU.ActiveCfg = Release|Any CPU
		{62E6B445-9B4E-49E4-958E-9058D2AAFE05}.Release|Any CPU.Build.0 = Release|Any CPU
	EndGlobalSection
	GlobalSection(NestedProjects) = preSolution
		{2428FF35-1525-477A-998F-522FC46B9761} = {6634A1D2-A0A6-490D-A06D-C703A81E02C8}
		{418BD13D-E834-48FE-827F-1B3F8E76BD2F} = {91654B87-E991-4FE3-9D15-96F770E094A6}
		{3A89F7F4-5217-4232-8630-071DAAF41B4A} = {158DF738-B195-4FC6-8D7E-F824DEE2617C}
		{776B9778-77FE-4699-BC24-A1E22A3D4BC7} = {5717C3B9-0600-477E-A018-21FF2122E6C6}
		{4CF6422D-692D-4D2B-85B5-6303CFBBA272} = {5717C3B9-0600-477E-A018-21FF2122E6C6}
		{AD3D8BE3-DF0C-4885-BCB5-91461D7D93B9} = {5717C3B9-0600-477E-A018-21FF2122E6C6}
		{EE241F02-7591-4195-AA72-E1488E92EE23} = {5717C3B9-0600-477E-A018-21FF2122E6C6}
		{F8791307-B1FB-4412-9B8F-5CFCFE834667} = {5717C3B9-0600-477E-A018-21FF2122E6C6}
		{D6E58F3A-C4D1-4E8E-8201-C90F0EE315E5} = {CE47B83F-E059-459D-AB32-D83EB77B70AD}
		{F3C30124-A2E6-4BB3-9875-4EDCA1D730D0} = {06F0C264-615E-4A75-BF37-18778BEC0E4C}
		{817C7B33-CC76-4D87-AC0B-C4CAD614C5C1} = {89174B02-8AC1-4257-AB85-27A4D5AB5B08}
		{6371AD8F-B407-4935-BE32-0ED8CEFB70F6} = {88C13860-BB47-49CD-822F-CDF7E9DF4909}
		{62E6B445-9B4E-49E4-958E-9058D2AAFE05} = {D049F9BE-8B82-4C4A-BB85-117BA9B7F5C5}
	EndGlobalSection
EndGlobal
